
Microsoft Visual Studio Solution File, Format Version 12.00
# Visual Studio 2012
Project("{FAE04EC0-301F-11D3-BF4B-00C04F79EFBC}") = "Core", "Core\Core\Core.csproj", "{A7C7E8D1-3A37-40BE-9754-074FCD0EBD96}"
EndProject
Project("{2150E333-8FDC-42A3-9474-1A3956D46DE8}") = "Specs", "Specs", "{49CBB462-514F-4D0E-9205-364BCE6303EA}"
EndProject
Project("{FAE04EC0-301F-11D3-BF4B-00C04F79EFBC}") = "Core.Specs", "Specs\Core.Specs\Core.Specs.csproj", "{48961231-40C0-412C-A08B-49D3C4ADD244}"
EndProject
Project("{FAE04EC0-301F-11D3-BF4B-00C04F79EFBC}") = "Messages", "Messages\Messages.csproj", "{3CE1BA51-21E1-4B0A-B8C8-29DEAE28621A}"
EndProject
Project("{2150E333-8FDC-42A3-9474-1A3956D46DE8}") = "Clients", "Clients", "{B97CACCD-FE7A-4447-9C31-B4D78FAA14FB}"
EndProject
Project("{FAE04EC0-301F-11D3-BF4B-00C04F79EFBC}") = "Kan.Api", "Clients\Kan.Api\Kan.Api.csproj", "{DC7BF4DB-62D5-4BF2-93BC-ED2776A0513D}"
EndProject
Project("{FAE04EC0-301F-11D3-BF4B-00C04F79EFBC}") = "Store", "Store\Store.csproj", "{4AEEDDC8-77BA-4327-80E6-553C080CFB95}"
EndProject
Project("{FAE04EC0-301F-11D3-BF4B-00C04F79EFBC}") = "Publisher", "Publisher\Publisher.csproj", "{B96EE70C-E6D2-47B3-B072-094F07E5A9AD}"
EndProject
Project("{2150E333-8FDC-42A3-9474-1A3956D46DE8}") = "Integration", "Integration", "{17E17758-8558-42DE-89D2-4215521D530B}"
EndProject
Project("{FAE04EC0-301F-11D3-BF4B-00C04F79EFBC}") = "Publisher.Tests", "Integration\Publisher.Tests\Publisher.Tests.csproj", "{729CB6A0-E6D5-4986-BF40-55DF12E42F83}"
EndProject
Project("{FAE04EC0-301F-11D3-BF4B-00C04F79EFBC}") = "Projections", "Projections\Projections.csproj", "{F5D3DB65-44F2-4246-B373-F212AEBB3E7F}"
EndProject
Project("{FAE04EC0-301F-11D3-BF4B-00C04F79EFBC}") = "Projections.Tests", "Integration\Projections.Tests\Projections.Tests.csproj", "{E148F169-0B5A-4F0A-8571-B324CFE9CB59}"
EndProject
Project("{FAE04EC0-301F-11D3-BF4B-00C04F79EFBC}") = "Projections.Specs", "Specs\Projections.Specs\Projections.Specs.csproj", "{513993A5-BE6C-48FB-AA14-F54C99BE269F}"
EndProject
Global
	GlobalSection(SolutionConfigurationPlatforms) = preSolution
		Debug|Any CPU = Debug|Any CPU
		Release|Any CPU = Release|Any CPU
	EndGlobalSection
	GlobalSection(ProjectConfigurationPlatforms) = postSolution
		{A7C7E8D1-3A37-40BE-9754-074FCD0EBD96}.Debug|Any CPU.ActiveCfg = Debug|Any CPU
		{A7C7E8D1-3A37-40BE-9754-074FCD0EBD96}.Debug|Any CPU.Build.0 = Debug|Any CPU
		{A7C7E8D1-3A37-40BE-9754-074FCD0EBD96}.Release|Any CPU.ActiveCfg = Release|Any CPU
		{A7C7E8D1-3A37-40BE-9754-074FCD0EBD96}.Release|Any CPU.Build.0 = Release|Any CPU
		{48961231-40C0-412C-A08B-49D3C4ADD244}.Debug|Any CPU.ActiveCfg = Debug|Any CPU
		{48961231-40C0-412C-A08B-49D3C4ADD244}.Debug|Any CPU.Build.0 = Debug|Any CPU
		{48961231-40C0-412C-A08B-49D3C4ADD244}.Release|Any CPU.ActiveCfg = Release|Any CPU
		{48961231-40C0-412C-A08B-49D3C4ADD244}.Release|Any CPU.Build.0 = Release|Any CPU
		{3CE1BA51-21E1-4B0A-B8C8-29DEAE28621A}.Debug|Any CPU.ActiveCfg = Debug|Any CPU
		{3CE1BA51-21E1-4B0A-B8C8-29DEAE28621A}.Debug|Any CPU.Build.0 = Debug|Any CPU
		{3CE1BA51-21E1-4B0A-B8C8-29DEAE28621A}.Release|Any CPU.ActiveCfg = Release|Any CPU
		{3CE1BA51-21E1-4B0A-B8C8-29DEAE28621A}.Release|Any CPU.Build.0 = Release|Any CPU
		{DC7BF4DB-62D5-4BF2-93BC-ED2776A0513D}.Debug|Any CPU.ActiveCfg = Debug|Any CPU
		{DC7BF4DB-62D5-4BF2-93BC-ED2776A0513D}.Debug|Any CPU.Build.0 = Debug|Any CPU
		{DC7BF4DB-62D5-4BF2-93BC-ED2776A0513D}.Release|Any CPU.ActiveCfg = Release|Any CPU
		{DC7BF4DB-62D5-4BF2-93BC-ED2776A0513D}.Release|Any CPU.Build.0 = Release|Any CPU
		{4AEEDDC8-77BA-4327-80E6-553C080CFB95}.Debug|Any CPU.ActiveCfg = Debug|Any CPU
		{4AEEDDC8-77BA-4327-80E6-553C080CFB95}.Debug|Any CPU.Build.0 = Debug|Any CPU
		{4AEEDDC8-77BA-4327-80E6-553C080CFB95}.Release|Any CPU.ActiveCfg = Release|Any CPU
		{4AEEDDC8-77BA-4327-80E6-553C080CFB95}.Release|Any CPU.Build.0 = Release|Any CPU
		{B96EE70C-E6D2-47B3-B072-094F07E5A9AD}.Debug|Any CPU.ActiveCfg = Debug|Any CPU
		{B96EE70C-E6D2-47B3-B072-094F07E5A9AD}.Debug|Any CPU.Build.0 = Debug|Any CPU
		{B96EE70C-E6D2-47B3-B072-094F07E5A9AD}.Release|Any CPU.ActiveCfg = Release|Any CPU
		{B96EE70C-E6D2-47B3-B072-094F07E5A9AD}.Release|Any CPU.Build.0 = Release|Any CPU
		{729CB6A0-E6D5-4986-BF40-55DF12E42F83}.Debug|Any CPU.ActiveCfg = Debug|Any CPU
		{729CB6A0-E6D5-4986-BF40-55DF12E42F83}.Debug|Any CPU.Build.0 = Debug|Any CPU
		{729CB6A0-E6D5-4986-BF40-55DF12E42F83}.Release|Any CPU.ActiveCfg = Release|Any CPU
		{729CB6A0-E6D5-4986-BF40-55DF12E42F83}.Release|Any CPU.Build.0 = Release|Any CPU
		{F5D3DB65-44F2-4246-B373-F212AEBB3E7F}.Debug|Any CPU.ActiveCfg = Debug|Any CPU
		{F5D3DB65-44F2-4246-B373-F212AEBB3E7F}.Debug|Any CPU.Build.0 = Debug|Any CPU
		{F5D3DB65-44F2-4246-B373-F212AEBB3E7F}.Release|Any CPU.ActiveCfg = Release|Any CPU
		{F5D3DB65-44F2-4246-B373-F212AEBB3E7F}.Release|Any CPU.Build.0 = Release|Any CPU
		{E148F169-0B5A-4F0A-8571-B324CFE9CB59}.Debug|Any CPU.ActiveCfg = Debug|Any CPU
		{E148F169-0B5A-4F0A-8571-B324CFE9CB59}.Debug|Any CPU.Build.0 = Debug|Any CPU
		{E148F169-0B5A-4F0A-8571-B324CFE9CB59}.Release|Any CPU.ActiveCfg = Release|Any CPU
		{E148F169-0B5A-4F0A-8571-B324CFE9CB59}.Release|Any CPU.Build.0 = Release|Any CPU
		{513993A5-BE6C-48FB-AA14-F54C99BE269F}.Debug|Any CPU.ActiveCfg = Debug|Any CPU
		{513993A5-BE6C-48FB-AA14-F54C99BE269F}.Debug|Any CPU.Build.0 = Debug|Any CPU
		{513993A5-BE6C-48FB-AA14-F54C99BE269F}.Release|Any CPU.ActiveCfg = Release|Any CPU
		{513993A5-BE6C-48FB-AA14-F54C99BE269F}.Release|Any CPU.Build.0 = Release|Any CPU
	EndGlobalSection
	GlobalSection(SolutionProperties) = preSolution
		HideSolutionNode = FALSE
	EndGlobalSection
	GlobalSection(NestedProjects) = preSolution
		{48961231-40C0-412C-A08B-49D3C4ADD244} = {49CBB462-514F-4D0E-9205-364BCE6303EA}
		{513993A5-BE6C-48FB-AA14-F54C99BE269F} = {49CBB462-514F-4D0E-9205-364BCE6303EA}
		{DC7BF4DB-62D5-4BF2-93BC-ED2776A0513D} = {B97CACCD-FE7A-4447-9C31-B4D78FAA14FB}
		{729CB6A0-E6D5-4986-BF40-55DF12E42F83} = {17E17758-8558-42DE-89D2-4215521D530B}
		{E148F169-0B5A-4F0A-8571-B324CFE9CB59} = {17E17758-8558-42DE-89D2-4215521D530B}
	EndGlobalSection
EndGlobal
